<Project xmlns="http://schemas.microsoft.com/developer/msbuild/2003">
    <PropertyGroup>
        <ProjectGuid>{37E8BFE5-EE88-4E9D-96AC-393E410275CF}</ProjectGuid>
        <ProjectVersion>15.1</ProjectVersion>
        <FrameworkType>VCL</FrameworkType>
        <MainSource>GLJQ2014.dpr</MainSource>
        <Base>True</Base>
        <Config Condition="'$(Config)'==''">Debug</Config>
        <Platform Condition="'$(Platform)'==''">Win32</Platform>
        <TargetedPlatforms>1</TargetedPlatforms>
        <AppType>Application</AppType>
    </PropertyGroup>
    <PropertyGroup Condition="'$(Config)'=='Base' or '$(Base)'!=''">
        <Base>true</Base>
    </PropertyGroup>
    <PropertyGroup Condition="('$(Platform)'=='Win32' and '$(Base)'=='true') or '$(Base_Win32)'!=''">
        <Base_Win32>true</Base_Win32>
        <CfgParent>Base</CfgParent>
        <Base>true</Base>
    </PropertyGroup>
    <PropertyGroup Condition="('$(Platform)'=='Win64' and '$(Base)'=='true') or '$(Base_Win64)'!=''">
        <Base_Win64>true</Base_Win64>
        <CfgParent>Base</CfgParent>
        <Base>true</Base>
    </PropertyGroup>
    <PropertyGroup Condition="'$(Config)'=='Debug' or '$(Cfg_1)'!=''">
        <Cfg_1>true</Cfg_1>
        <CfgParent>Base</CfgParent>
        <Base>true</Base>
    </PropertyGroup>
    <PropertyGroup Condition="('$(Platform)'=='Win32' and '$(Cfg_1)'=='true') or '$(Cfg_1_Win32)'!=''">
        <Cfg_1_Win32>true</Cfg_1_Win32>
        <CfgParent>Cfg_1</CfgParent>
        <Cfg_1>true</Cfg_1>
        <Base>true</Base>
    </PropertyGroup>
    <PropertyGroup Condition="'$(Config)'=='Release' or '$(Cfg_2)'!=''">
        <Cfg_2>true</Cfg_2>
        <CfgParent>Base</CfgParent>
        <Base>true</Base>
    </PropertyGroup>
    <PropertyGroup Condition="'$(Base)'!=''">
        <DCC_Namespace>System;Xml;Data;Datasnap;Web;Soap;Vcl;Vcl.Imaging;Vcl.Touch;Vcl.Samples;Vcl.Shell;$(DCC_Namespace)</DCC_Namespace>
        <Icon_MainIcon>$(BDS)\bin\delphi_PROJECTICON.ico</Icon_MainIcon>
        <DCC_DcuOutput>.\$(Platform)\$(Config)</DCC_DcuOutput>
        <DCC_ExeOutput>.\$(Platform)\$(Config)</DCC_ExeOutput>
        <DCC_E>false</DCC_E>
        <DCC_N>false</DCC_N>
        <DCC_S>false</DCC_S>
        <DCC_F>false</DCC_F>
        <DCC_K>false</DCC_K>
    </PropertyGroup>
    <PropertyGroup Condition="'$(Base_Win32)'!=''">
        <VerInfo_IncludeVerInfo>true</VerInfo_IncludeVerInfo>
        <DCC_Namespace>Winapi;System.Win;Data.Win;Datasnap.Win;Web.Win;Soap.Win;Xml.Win;Bde;$(DCC_Namespace)</DCC_Namespace>
        <Manifest_File>$(BDS)\bin\default_app.manifest</Manifest_File>
        <VerInfo_Locale>1033</VerInfo_Locale>
        <VerInfo_Keys>CompanyName=;FileDescription=;FileVersion=1.0.0.0;InternalName=;LegalCopyright=;LegalTrademarks=;OriginalFilename=;ProductName=;ProductVersion=1.0.0.0;Comments=</VerInfo_Keys>
        <DCC_UsePackage>dxBarRS18;dxGDIPlusRS18;dxPSCoreRS18;myprovider190;uniGUI19Chart;FireDACSqliteDriver;dxLayoutControlRS18;cxTreeListRS18;DBXSqliteDriver;dxDockingRS18;FireDACPgDriver;dxThemeRS18;dxPSdxOCLnkRS18;fmx;IndySystem;TeeDB;frx19;dacvcl190;vclib;inetdbbde;DBXInterBaseDriver;DataSnapClient;DataSnapCommon;DataSnapServer;cxTreeListdxBarPopupMenuRS18;CustomPack4;cxSchedulerGridRS18;dxPScxTLLnkRS18;dxtrmdRS18;DataSnapProviderClient;DBXSybaseASEDriver;DbxCommonDriver;vclimg;unidac190;dbxcds;dxTabbedMDIRS18;DatasnapConnectorsFreePascal;MetropolisUILiveTile;SUIPackD16;vcldb;cxExportRS18;vcldsnap;dxPSLnksRS18;dxPScxPivotGridLnkRS18;fmxFireDAC;DBXDb2Driver;bsfd2013;accessprovider190;dxPScxSSLnkRS18;unidacfmx190;DBXOracleDriver;CustomIPTransport;dxServerModeRS18;vclribbon;dxdborRS18;dsnap;IndyIPServer;uniGUI19Core;fmxase;vcl;IndyCore;cxVerticalGridRS18;IndyIPCommon;CloudService;DBXMSSQLDriver;FmxTeeUI;FireDACIBDriver;CodeSiteExpressPkg;crcontrols190;dxADOServerModeRS18;cxPivotGridChartRS18;FireDACDBXDriver;dxPSdxDBOCLnkRS18;dxPScxExtCommonRS18;inetdbxpress;cxEditorsRS18;cxPageControldxBarPopupMenuRS18;cxSchedulerRS18;dxSpellCheckerRS18;frxe19;cxLibraryRS18;FireDACDb2Driver;SynEdit_R2015;dxPScxGridLnkRS18;dxPScxVGridLnkRS18;adortl;dxRibbonRS18;custompack1;uniGUI19VCL;uniTools19;frxDB19;FireDACASADriver;dxPSdxDBTVLnkRS18;dacfmx190;EhLib190;fs19;bindcompfmx;vcldbx;cxBarEditItemRS18;FireDACODBCDriver;cxPageControlRS18;rtl;dbrtl;DbxClientDriver;FireDACCommon;bindcomp;inetdb;Tee;CustomPack2;DBXOdbcDriver;odbcprovider190;vclFireDAC;xmlrtl;svnui;ibxpress;dxDBXServerModeRS18;IndyProtocols;DBXMySQLDriver;dxBarExtItemsRS18;FireDACCommonDriver;dxFlowChartRS18;bindengine;vclactnband;soaprtl;bindcompdbx;FMXTee;TeeUI;bindcompvcl;fsDB19;cxSpreadSheetRS18;cxPivotGridRS18;vclie;dxPsPrVwAdvRS18;dxmdsRS18;FireDACADSDriver;vcltouch;dxBarDBNavRS18;dxTileControlRS18;dxPSPrVwRibbonRS18;dxPSdxFCLnkRS18;dac190;fsTee19;dxComnRS18;VclSmp;FireDACMSSQLDriver;FireDAC;VCLRESTComponents;Intraweb;DBXInformixDriver;frxTee19;DataSnapConnectors;FireDACDataSnapDriver;unidacvcl190;dxBarExtDBItemsRS18;dxdbtrRS18;dxNavBarRS18;dsnapcon;DBXFirebirdDriver;uIndy19;inet;pgprovider190;fmxobj;dxCoreRS18;cxGridRS18;dxPScxCommonRS18;FireDACMySQLDriver;dxPScxSchedulerLnkRS18;vclx;kbmMemRunDXE4Pro;svn;DBXSybaseASADriver;dxorgcRS18;FireDACOracleDriver;fmxdae;RESTComponents;cxDataRS18;cxPivotGridOLAPRS18;bdertl;dxPSdxLCLnkRS18;FireDACMSAccDriver;DataSnapIndy10ServerTransport;dbexpress;IndyIPClient;$(DCC_UsePackage)</DCC_UsePackage>
    </PropertyGroup>
    <PropertyGroup Condition="'$(Base_Win64)'!=''">
        <DCC_UsePackage>dxBarRS18;dxGDIPlusRS18;dxPSCoreRS18;uniGUI19Chart;FireDACSqliteDriver;dxLayoutControlRS18;cxTreeListRS18;DBXSqliteDriver;dxDockingRS18;FireDACPgDriver;dxThemeRS18;dxPSdxOCLnkRS18;fmx;IndySystem;TeeDB;dacvcl190;vclib;DBXInterBaseDriver;DataSnapClient;DataSnapCommon;DataSnapServer;cxTreeListdxBarPopupMenuRS18;cxSchedulerGridRS18;dxPScxTLLnkRS18;dxtrmdRS18;DataSnapProviderClient;DBXSybaseASEDriver;DbxCommonDriver;vclimg;unidac190;dbxcds;dxTabbedMDIRS18;DatasnapConnectorsFreePascal;MetropolisUILiveTile;vcldb;cxExportRS18;vcldsnap;dxPSLnksRS18;dxPScxPivotGridLnkRS18;fmxFireDAC;DBXDb2Driver;dxPScxSSLnkRS18;unidacfmx190;DBXOracleDriver;CustomIPTransport;dxServerModeRS18;vclribbon;dxdborRS18;dsnap;IndyIPServer;uniGUI19Core;fmxase;vcl;IndyCore;cxVerticalGridRS18;IndyIPCommon;CloudService;DBXMSSQLDriver;FmxTeeUI;FireDACIBDriver;crcontrols190;dxADOServerModeRS18;cxPivotGridChartRS18;FireDACDBXDriver;dxPSdxDBOCLnkRS18;dxPScxExtCommonRS18;inetdbxpress;cxEditorsRS18;cxPageControldxBarPopupMenuRS18;cxSchedulerRS18;dxSpellCheckerRS18;cxLibraryRS18;FireDACDb2Driver;SynEdit_R2015;dxPScxGridLnkRS18;dxPScxVGridLnkRS18;adortl;dxRibbonRS18;uniGUI19VCL;uniTools19;FireDACASADriver;dxPSdxDBTVLnkRS18;dacfmx190;EhLib190;bindcompfmx;cxBarEditItemRS18;FireDACODBCDriver;cxPageControlRS18;rtl;dbrtl;DbxClientDriver;FireDACCommon;bindcomp;inetdb;Tee;DBXOdbcDriver;vclFireDAC;xmlrtl;ibxpress;dxDBXServerModeRS18;IndyProtocols;DBXMySQLDriver;dxBarExtItemsRS18;FireDACCommonDriver;dxFlowChartRS18;bindengine;vclactnband;soaprtl;bindcompdbx;FMXTee;TeeUI;bindcompvcl;cxSpreadSheetRS18;cxPivotGridRS18;vclie;dxPsPrVwAdvRS18;dxmdsRS18;FireDACADSDriver;vcltouch;dxBarDBNavRS18;dxTileControlRS18;dxPSPrVwRibbonRS18;dxPSdxFCLnkRS18;dac190;dxComnRS18;VclSmp;FireDACMSSQLDriver;FireDAC;VCLRESTComponents;Intraweb;DBXInformixDriver;DataSnapConnectors;FireDACDataSnapDriver;unidacvcl190;dxBarExtDBItemsRS18;dxdbtrRS18;dxNavBarRS18;dsnapcon;DBXFirebirdDriver;uIndy19;inet;pgprovider190;fmxobj;dxCoreRS18;cxGridRS18;dxPScxCommonRS18;FireDACMySQLDriver;dxPScxSchedulerLnkRS18;vclx;DBXSybaseASADriver;dxorgcRS18;FireDACOracleDriver;fmxdae;RESTComponents;cxDataRS18;cxPivotGridOLAPRS18;dxPSdxLCLnkRS18;FireDACMSAccDriver;DataSnapIndy10ServerTransport;dbexpress;IndyIPClient;$(DCC_UsePackage)</DCC_UsePackage>
    </PropertyGroup>
    <PropertyGroup Condition="'$(Cfg_1)'!=''">
        <DCC_Define>DEBUG;$(DCC_Define)</DCC_Define>
        <DCC_DebugDCUs>true</DCC_DebugDCUs>
        <DCC_Optimize>false</DCC_Optimize>
        <DCC_GenerateStackFrames>true</DCC_GenerateStackFrames>
        <DCC_DebugInfoInExe>true</DCC_DebugInfoInExe>
        <DCC_RemoteDebug>true</DCC_RemoteDebug>
    </PropertyGroup>
    <PropertyGroup Condition="'$(Cfg_1_Win32)'!=''">
        <Icon_MainIcon>image\Outlook Express [F].ico</Icon_MainIcon>
        <DCC_DcuOutput>..\dcu\$(Platform)\$(Config)</DCC_DcuOutput>
        <DCC_ExeOutput>..\exe</DCC_ExeOutput>
        <VerInfo_IncludeVerInfo>true</VerInfo_IncludeVerInfo>
        <VerInfo_Locale>1033</VerInfo_Locale>
        <DCC_RemoteDebug>false</DCC_RemoteDebug>
    </PropertyGroup>
    <PropertyGroup Condition="'$(Cfg_2)'!=''">
        <DCC_LocalDebugSymbols>false</DCC_LocalDebugSymbols>
        <DCC_Define>RELEASE;$(DCC_Define)</DCC_Define>
        <DCC_SymbolReferenceInfo>0</DCC_SymbolReferenceInfo>
        <DCC_DebugInformation>0</DCC_DebugInformation>
    </PropertyGroup>
    <ItemGroup>
        <DelphiCompile Include="$(MainSource)">
            <MainSource>MainSource</MainSource>
        </DelphiCompile>
        <DCCReference Include="common\uCommonUnit.pas"/>
        <DCCReference Include="common\uCallModule.pas"/>
        <DCCReference Include="common\uMainFrm.pas">
            <Form>MainFrm</Form>
            <FormType>dfm</FormType>
        </DCCReference>
        <DCCReference Include="visa\IMCode.pas"/>
        <DCCReference Include="common\uLoginfrm.pas">
            <Form>Loginfrm</Form>
            <FormType>dfm</FormType>
        </DCCReference>
        <DCCReference Include="common\uBeginPicturefrm.pas">
            <Form>BegPicturefrm</Form>
            <FormType>dfm</FormType>
        </DCCReference>
        <DCCReference Include="common\uModuleFrm.pas">
            <Form>ModuleFrm</Form>
            <FormType>dfm</FormType>
        </DCCReference>
        <DCCReference Include="common\uModuleMDIFrm.pas">
            <Form>ModuleMDIFrm</Form>
            <FormType>dfm</FormType>
        </DCCReference>
        <DCCReference Include="common\uModuleMDIGridFrm.pas">
            <Form>ModuleMDIGirdFrm</Form>
            <FormType>dfm</FormType>
        </DCCReference>
        <DCCReference Include="Base\uCountryHoildayFrm.pas">
            <Form>CountryHoildayFrm</Form>
            <FormType>dfm</FormType>
        </DCCReference>
        <DCCReference Include="Base\uPaymentFrm.pas">
            <Form>PaymentFrm</Form>
            <FormType>dfm</FormType>
        </DCCReference>
        <DCCReference Include="Base\uUserPowerfrm.pas">
            <Form>UserPowerfrm</Form>
            <FormType>dfm</FormType>
        </DCCReference>
        <DCCReference Include="Base\uCountryVisaFrm.pas">
            <Form>CountryVisaFrm</Form>
            <FormType>dfm</FormType>
        </DCCReference>
        <DCCReference Include="Base\uSourceInfoFrm.pas">
            <Form>SourceInfoFrm</Form>
            <FormType>dfm</FormType>
        </DCCReference>
        <DCCReference Include="Base\uVisaTypeFrm.pas">
            <Form>VisaTypeFrm</Form>
            <FormType>dfm</FormType>
        </DCCReference>
        <DCCReference Include="Base\uVisaInfoFrm.pas">
            <Form>VisaInfoFrm</Form>
            <FormType>dfm</FormType>
        </DCCReference>
        <DCCReference Include="Base\uCountryFrm.pas">
            <Form>CountryFrm</Form>
            <FormType>dfm</FormType>
        </DCCReference>
        <DCCReference Include="visa\uVisaSignFrm.pas">
            <Form>VisaSignFrm</Form>
            <FormType>dfm</FormType>
        </DCCReference>
        <DCCReference Include="visa\uVisaSignInsertFrm.pas">
            <Form>VisaSignInsertFrm</Form>
            <FormType>dfm</FormType>
        </DCCReference>
        <DCCReference Include="visa\uSelectVisaSignFrm.pas">
            <Form>SelectVisaSignFrm</Form>
            <FormType>dfm</FormType>
        </DCCReference>
        <DCCReference Include="visa\uVisaAppFrm.pas">
            <Form>VisaAppFrm</Form>
            <FormType>dfm</FormType>
        </DCCReference>
        <DCCReference Include="visa\uVisaAppSelectGuestListFrm.pas">
            <Form>VisaAppSelectGuestListFrm</Form>
            <FormType>dfm</FormType>
        </DCCReference>
        <DCCReference Include="visa\uVisaSignQueryFrm.pas">
            <Form>VisaSignQueryFrm</Form>
            <FormType>dfm</FormType>
        </DCCReference>
        <DCCReference Include="common\uCommonDM.pas">
            <Form>CommonDM</Form>
            <FormType>dfm</FormType>
            <DesignClass>TDataModule</DesignClass>
        </DCCReference>
        <DCCReference Include="Base\ufrmNotice.pas">
            <Form>frmNotice</Form>
            <FormType>dfm</FormType>
        </DCCReference>
        <DCCReference Include="Base\ufrmNoticePop.pas">
            <Form>frmNoticePop</Form>
            <FormType>dfm</FormType>
        </DCCReference>
        <DCCReference Include="visa\ufrmSourceQuery.pas">
            <Form>frmSourceQuery</Form>
            <FormType>dfm</FormType>
        </DCCReference>
        <DCCReference Include="Base\ufrmChangePassword.pas">
            <Form>frmChangePassword</Form>
            <FormType>dfm</FormType>
        </DCCReference>
        <DCCReference Include="visa\ufrmBuZiLiao.pas">
            <Form>frmBuZiLiao</Form>
            <FormType>dfm</FormType>
        </DCCReference>
        <DCCReference Include="visa\ufrmOrderQuery.pas">
            <Form>frmOrderQuery</Form>
            <FormType>dfm</FormType>
        </DCCReference>
        <DCCReference Include="Base\uFrmArea.pas">
            <Form>FrmArea</Form>
            <FormType>dfm</FormType>
        </DCCReference>
        <DCCReference Include="Base\uFrmSourceType.pas">
            <Form>FrmSourceType</Form>
            <FormType>dfm</FormType>
        </DCCReference>
        <DCCReference Include="Base\ufrmNoticeNew.pas">
            <Form>frmNoticeNew</Form>
            <FormType>dfm</FormType>
        </DCCReference>
        <DCCReference Include="visa\ufrmGroupEdit.pas">
            <Form>frmGroupEdit</Form>
            <FormType>dfm</FormType>
        </DCCReference>
        <DCCReference Include="visa\ufrmApplicationEdit.pas">
            <Form>frmApplicationEdit</Form>
            <FormType>dfm</FormType>
        </DCCReference>
        <DCCReference Include="visa\ufrmVisaAppList.pas">
            <Form>frmVisaAppList</Form>
            <FormType>dfm</FormType>
        </DCCReference>
        <DCCReference Include="visa\ufrmExcelInput.pas">
            <Form>frmExcelInput</Form>
            <FormType>dfm</FormType>
        </DCCReference>
        <DCCReference Include="visa\ufrmOrderQueryArea.pas">
            <Form>frmOrderQueryArea</Form>
            <FormType>dfm</FormType>
        </DCCReference>
        <DCCReference Include="visa\ufrmOrderQueryCountry.pas">
            <Form>frmOrderQueryCountry</Form>
            <FormType>dfm</FormType>
        </DCCReference>
        <DCCReference Include="visa\ufrmSplitOrders.pas">
            <Form>frmSplitOrders</Form>
            <FormType>dfm</FormType>
        </DCCReference>
        <DCCReference Include="visa\ufrmSendQuery.pas">
            <Form>frmSendQuery</Form>
            <FormType>dfm</FormType>
        </DCCReference>
        <DCCReference Include="visa\ufrmOrderHistoryQuery.pas">
            <Form>frmOrderHistoryQuery</Form>
            <FormType>dfm</FormType>
        </DCCReference>
        <DCCReference Include="visa\ufrmAddGuest.pas">
            <Form>frmAddGuest</Form>
            <FormType>dfm</FormType>
        </DCCReference>
        <DCCReference Include="visa\ufrmOrderQuery_ava.pas">
            <Form>frmOrderQuery_ava</Form>
            <FormType>dfm</FormType>
        </DCCReference>
        <DCCReference Include="visa\ufrmOrderQuery_avgh.pas">
            <Form>frmOrderQuery_avgh</Form>
            <FormType>dfm</FormType>
        </DCCReference>
        <DCCReference Include="visa\ufrmOrderQuery_anh.pas">
            <Form>frmOrderQuery_anh</Form>
            <FormType>dfm</FormType>
        </DCCReference>
        <DCCReference Include="visa\ufrmBuZiLiaoQuery.pas">
            <Form>frmBuZiLiaoQuery</Form>
            <FormType>dfm</FormType>
        </DCCReference>
        <DCCReference Include="visa\ufrmBuZiLiao_remark.pas">
            <Form>frmBuZiLiao_remark</Form>
            <FormType>dfm</FormType>
        </DCCReference>
        <DCCReference Include="Base\ufrmAppLimitSetting.pas">
            <Form>frmAppLimitSetting</Form>
            <FormType>dfm</FormType>
        </DCCReference>
        <BuildConfiguration Include="Release">
            <Key>Cfg_2</Key>
            <CfgParent>Base</CfgParent>
        </BuildConfiguration>
        <BuildConfiguration Include="Base">
            <Key>Base</Key>
        </BuildConfiguration>
        <BuildConfiguration Include="Debug">
            <Key>Cfg_1</Key>
            <CfgParent>Base</CfgParent>
        </BuildConfiguration>
    </ItemGroup>
    <ProjectExtensions>
        <Borland.Personality>Delphi.Personality.12</Borland.Personality>
        <Borland.ProjectType/>
        <BorlandProject>
            <Delphi.Personality>
                <VersionInfo>
                    <VersionInfo Name="IncludeVerInfo">False</VersionInfo>
                    <VersionInfo Name="AutoIncBuild">False</VersionInfo>
                    <VersionInfo Name="MajorVer">1</VersionInfo>
                    <VersionInfo Name="MinorVer">0</VersionInfo>
                    <VersionInfo Name="Release">0</VersionInfo>
                    <VersionInfo Name="Build">0</VersionInfo>
                    <VersionInfo Name="Debug">False</VersionInfo>
                    <VersionInfo Name="PreRelease">False</VersionInfo>
                    <VersionInfo Name="Special">False</VersionInfo>
                    <VersionInfo Name="Private">False</VersionInfo>
                    <VersionInfo Name="DLL">False</VersionInfo>
                    <VersionInfo Name="Locale">2052</VersionInfo>
                    <VersionInfo Name="CodePage">936</VersionInfo>
                </VersionInfo>
                <VersionInfoKeys>
                    <VersionInfoKeys Name="CompanyName"/>
                    <VersionInfoKeys Name="FileDescription"/>
                    <VersionInfoKeys Name="FileVersion">1.0.0.0</VersionInfoKeys>
                    <VersionInfoKeys Name="InternalName"/>
                    <VersionInfoKeys Name="LegalCopyright"/>
                    <VersionInfoKeys Name="LegalTrademarks"/>
                    <VersionInfoKeys Name="OriginalFilename"/>
                    <VersionInfoKeys Name="ProductName"/>
                    <VersionInfoKeys Name="ProductVersion">1.0.0.0</VersionInfoKeys>
                    <VersionInfoKeys Name="Comments"/>
                    <VersionInfoKeys Name="CFBundleName"/>
                    <VersionInfoKeys Name="CFBundleDisplayName"/>
                    <VersionInfoKeys Name="UIDeviceFamily"/>
                    <VersionInfoKeys Name="CFBundleIdentifier"/>
                    <VersionInfoKeys Name="CFBundleVersion"/>
                    <VersionInfoKeys Name="CFBundlePackageType"/>
                    <VersionInfoKeys Name="CFBundleSignature"/>
                    <VersionInfoKeys Name="CFBundleAllowMixedLocalizations"/>
                    <VersionInfoKeys Name="UISupportedInterfaceOrientations"/>
                    <VersionInfoKeys Name="CFBundleExecutable"/>
                    <VersionInfoKeys Name="CFBundleResourceSpecification"/>
                    <VersionInfoKeys Name="LSRequiresIPhoneOS"/>
                    <VersionInfoKeys Name="CFBundleInfoDictionaryVersion"/>
                    <VersionInfoKeys Name="CFBundleDevelopmentRegion"/>
                    <VersionInfoKeys Name="package"/>
                    <VersionInfoKeys Name="label"/>
                    <VersionInfoKeys Name="versionCode"/>
                    <VersionInfoKeys Name="versionName"/>
                    <VersionInfoKeys Name="persistent"/>
                    <VersionInfoKeys Name="restoreAnyVersion"/>
                    <VersionInfoKeys Name="installLocation"/>
                    <VersionInfoKeys Name="largeHeap"/>
                    <VersionInfoKeys Name="theme"/>
                </VersionInfoKeys>
                <Source>
                    <Source Name="MainSource">GLJQ2014.dpr</Source>
                </Source>
                <Excluded_Packages>
                    <Excluded_Packages Name="$(BDSBIN)\dcloffice2k190.bpl">Microsoft Office 2000 Sample Automation Server Wrapper Components</Excluded_Packages>
                    <Excluded_Packages Name="$(BDSBIN)\dclofficexp190.bpl">Microsoft Office XP Sample Automation Server Wrapper Components</Excluded_Packages>
                </Excluded_Packages>
            </Delphi.Personality>
            <Deployment/>
            <Platforms>
                <Platform value="Win32">True</Platform>
                <Platform value="Win64">False</Platform>
            </Platforms>
        </BorlandProject>
        <ProjectFileVersion>12</ProjectFileVersion>
    </ProjectExtensions>
    <Import Project="$(BDS)\Bin\CodeGear.Delphi.Targets" Condition="Exists('$(BDS)\Bin\CodeGear.Delphi.Targets')"/>
    <Import Project="$(APPDATA)\Embarcadero\$(BDSAPPDATABASEDIR)\$(PRODUCTVERSION)\UserTools.proj" Condition="Exists('$(APPDATA)\Embarcadero\$(BDSAPPDATABASEDIR)\$(PRODUCTVERSION)\UserTools.proj')"/>
</Project>
